<?xml version="1.0" encoding="utf-8"?>
<Project ToolsVersion="4.0" xmlns="http://schemas.microsoft.com/developer/msbuild/2003">
  <ItemGroup>
    <Filter Include="sources">
      <UniqueIdentifier>{4FC737F1-C7A5-4376-A066-2A32D752A2FF}</UniqueIdentifier>
      <Extensions>cpp;c;cc;cxx;def;odl;idl;hpj;bat;asm;asmx</Extensions>
    </Filter>
    <Filter Include="headers">
      <UniqueIdentifier>{93995380-89BD-4b04-88EB-625FBE52EBFB}</UniqueIdentifier>
      <Extensions>h;hh;hpp;hxx;hm;inl;inc;xsd</Extensions>
    </Filter>
  </ItemGroup>
  <ItemGroup>
    <ClInclude Include="..\..\include\mh\algorithm.hpp">
      <Filter>headers</Filter>
    </ClInclude>
    <ClInclude Include="..\..\include\mh\allocator.hpp">
      <Filter>headers</Filter>
    </ClInclude>
    <ClInclude Include="..\..\include\mh\app.hpp">
      <Filter>headers</Filter>
    </ClInclude>
    <ClInclude Include="..\..\include\mh\array.hpp">
      <Filter>headers</Filter>
    </ClInclude>
    <ClInclude Include="..\..\include\mh\atomic.hpp">
      <Filter>headers</Filter>
    </ClInclude>
    <ClInclude Include="..\..\include\mh\audio.hpp">
      <Filter>headers</Filter>
    </ClInclude>
    <ClInclude Include="..\..\include\mh\chrono.hpp">
      <Filter>headers</Filter>
    </ClInclude>
    <ClInclude Include="..\..\include\mh\functional.hpp">
      <Filter>headers</Filter>
    </ClInclude>
    <ClInclude Include="..\..\include\mh\game\state.hpp">
      <Filter>headers</Filter>
    </ClInclude>
    <ClInclude Include="..\..\include\mh\handle.hpp">
      <Filter>headers</Filter>
    </ClInclude>
    <ClInclude Include="..\..\include\mh\hid\device.hpp">
      <Filter>headers</Filter>
    </ClInclude>
    <ClInclude Include="..\..\include\mh\hid\gamepad.hpp">
      <Filter>headers</Filter>
    </ClInclude>
    <ClInclude Include="..\..\include\mh\hid\keyboard.hpp">
      <Filter>headers</Filter>
    </ClInclude>
    <ClInclude Include="..\..\include\mh\hid\manager.hpp">
      <Filter>headers</Filter>
    </ClInclude>
    <ClInclude Include="..\..\include\mh\hid\mouse.hpp">
      <Filter>headers</Filter>
    </ClInclude>
    <ClInclude Include="..\..\include\mh\hid\xinput.hpp">
      <Filter>headers</Filter>
    </ClInclude>
    <ClInclude Include="..\..\include\mh\hid.hpp">
      <Filter>headers</Filter>
    </ClInclude>
    <ClInclude Include="..\..\include\mh\list.hpp">
      <Filter>headers</Filter>
    </ClInclude>
    <ClInclude Include="..\..\include\mh\math\function.hpp">
      <Filter>headers</Filter>
    </ClInclude>
    <ClInclude Include="..\..\include\mh\math\types.hpp">
      <Filter>headers</Filter>
    </ClInclude>
    <ClInclude Include="..\..\include\mh\math.hpp">
      <Filter>headers</Filter>
    </ClInclude>
    <ClInclude Include="..\..\include\mh\memory.hpp">
      <Filter>headers</Filter>
    </ClInclude>
    <ClInclude Include="..\..\include\mh\mh.hpp">
      <Filter>headers</Filter>
    </ClInclude>
    <ClInclude Include="..\..\include\mh\network\client.hpp">
      <Filter>headers</Filter>
    </ClInclude>
    <ClInclude Include="..\..\include\mh\network\server.hpp">
      <Filter>headers</Filter>
    </ClInclude>
    <ClInclude Include="..\..\include\mh\network\server_win32.hpp">
      <Filter>headers</Filter>
    </ClInclude>
    <ClInclude Include="..\..\include\mh\network\socket.hpp">
      <Filter>headers</Filter>
    </ClInclude>
    <ClInclude Include="..\..\include\mh\network\socket_win32.hpp">
      <Filter>headers</Filter>
    </ClInclude>
    <ClInclude Include="..\..\include\mh\network\types.hpp">
      <Filter>headers</Filter>
    </ClInclude>
    <ClInclude Include="..\..\include\mh\network.hpp">
      <Filter>headers</Filter>
    </ClInclude>
    <ClInclude Include="..\..\include\mh\pattern\observer.hpp">
      <Filter>headers</Filter>
    </ClInclude>
    <ClInclude Include="..\..\include\mh\pattern\singleton.hpp">
      <Filter>headers</Filter>
    </ClInclude>
    <ClInclude Include="..\..\include\mh\pattern.hpp">
      <Filter>headers</Filter>
    </ClInclude>
    <ClInclude Include="..\..\include\mh\plugin.hpp">
      <Filter>headers</Filter>
    </ClInclude>
    <ClInclude Include="..\..\include\mh\predef\architecture.h">
      <Filter>headers</Filter>
    </ClInclude>
    <ClInclude Include="..\..\include\mh\predef\compiler.h">
      <Filter>headers</Filter>
    </ClInclude>
    <ClInclude Include="..\..\include\mh\predef\config.h">
      <Filter>headers</Filter>
    </ClInclude>
    <ClInclude Include="..\..\include\mh\predef\language.h">
      <Filter>headers</Filter>
    </ClInclude>
    <ClInclude Include="..\..\include\mh\predef\platform.h">
      <Filter>headers</Filter>
    </ClInclude>
    <ClInclude Include="..\..\include\mh\prerequisite.h">
      <Filter>headers</Filter>
    </ClInclude>
    <ClInclude Include="..\..\include\mh\ratio.hpp">
      <Filter>headers</Filter>
    </ClInclude>
    <ClInclude Include="..\..\include\mh\renderer\base.hpp">
      <Filter>headers</Filter>
    </ClInclude>
    <ClInclude Include="..\..\include\mh\renderer\d3d10.hpp">
      <Filter>headers</Filter>
    </ClInclude>
    <ClInclude Include="..\..\include\mh\renderer\d3d10_1.hpp">
      <Filter>headers</Filter>
    </ClInclude>
    <ClInclude Include="..\..\include\mh\renderer\d3d11.hpp">
      <Filter>headers</Filter>
    </ClInclude>
    <ClInclude Include="..\..\include\mh\renderer\dxgi.hpp">
      <Filter>headers</Filter>
    </ClInclude>
    <ClInclude Include="..\..\include\mh\renderer.hpp">
      <Filter>headers</Filter>
    </ClInclude>
    <ClInclude Include="..\..\include\mh\resource\base.hpp">
      <Filter>headers</Filter>
    </ClInclude>
    <ClInclude Include="..\..\include\mh\resource\buffer.hpp">
      <Filter>headers</Filter>
    </ClInclude>
    <ClInclude Include="..\..\include\mh\resource\buffer_d3d9.hpp">
      <Filter>headers</Filter>
    </ClInclude>
    <ClInclude Include="..\..\include\mh\resource\gpu_program.hpp">
      <Filter>headers</Filter>
    </ClInclude>
    <ClInclude Include="..\..\include\mh\resource\sound.hpp">
      <Filter>headers</Filter>
    </ClInclude>
    <ClInclude Include="..\..\include\mh\resource\texture.hpp">
      <Filter>headers</Filter>
    </ClInclude>
    <ClInclude Include="..\..\include\mh\resource.hpp">
      <Filter>headers</Filter>
    </ClInclude>
    <ClInclude Include="..\..\include\mh\scene\camera.hpp">
      <Filter>headers</Filter>
    </ClInclude>
    <ClInclude Include="..\..\include\mh\scene\light.hpp">
      <Filter>headers</Filter>
    </ClInclude>
    <ClInclude Include="..\..\include\mh\scene\manager.hpp">
      <Filter>headers</Filter>
    </ClInclude>
    <ClInclude Include="..\..\include\mh\scene\node.hpp">
      <Filter>headers</Filter>
    </ClInclude>
    <ClInclude Include="..\..\include\mh\scene\object.hpp">
      <Filter>headers</Filter>
    </ClInclude>
    <ClInclude Include="..\..\include\mh\scene\spatial.hpp">
      <Filter>headers</Filter>
    </ClInclude>
    <ClInclude Include="..\..\include\mh\scene.hpp">
      <Filter>headers</Filter>
    </ClInclude>
    <ClInclude Include="..\..\include\mh\set.hpp">
      <Filter>headers</Filter>
    </ClInclude>
    <ClInclude Include="..\..\include\mh\stl\algorithm.hpp">
      <Filter>headers</Filter>
    </ClInclude>
    <ClInclude Include="..\..\include\mh\stl\allocator.hpp">
      <Filter>headers</Filter>
    </ClInclude>
    <ClInclude Include="..\..\include\mh\stl\array.hpp">
      <Filter>headers</Filter>
    </ClInclude>
    <ClInclude Include="..\..\include\mh\stl\atomic.hpp">
      <Filter>headers</Filter>
    </ClInclude>
    <ClInclude Include="..\..\include\mh\stl\functional.hpp">
      <Filter>headers</Filter>
    </ClInclude>
    <ClInclude Include="..\..\include\mh\stl\iterator.hpp">
      <Filter>headers</Filter>
    </ClInclude>
    <ClInclude Include="..\..\include\mh\stl\list.hpp">
      <Filter>headers</Filter>
    </ClInclude>
    <ClInclude Include="..\..\include\mh\stl\memory.hpp">
      <Filter>headers</Filter>
    </ClInclude>
    <ClInclude Include="..\..\include\mh\stl\set.hpp">
      <Filter>headers</Filter>
    </ClInclude>
    <ClInclude Include="..\..\include\mh\stl\string.hpp">
      <Filter>headers</Filter>
    </ClInclude>
    <ClInclude Include="..\..\include\mh\stl\tuple.hpp">
      <Filter>headers</Filter>
    </ClInclude>
    <ClInclude Include="..\..\include\mh\stl\type_traits.hpp">
      <Filter>headers</Filter>
    </ClInclude>
    <ClInclude Include="..\..\include\mh\stl\vector.hpp">
      <Filter>headers</Filter>
    </ClInclude>
    <ClInclude Include="..\..\include\mh\string.hpp">
      <Filter>headers</Filter>
    </ClInclude>
    <ClInclude Include="..\..\include\mh\text\encoding.hpp">
      <Filter>headers</Filter>
    </ClInclude>
    <ClInclude Include="..\..\include\mh\timer.hpp">
      <Filter>headers</Filter>
    </ClInclude>
    <ClInclude Include="..\..\include\mh\tuple.hpp">
      <Filter>headers</Filter>
    </ClInclude>
    <ClInclude Include="..\..\include\mh\type\light.hpp">
      <Filter>headers</Filter>
    </ClInclude>
    <ClInclude Include="..\..\include\mh\type\material.hpp">
      <Filter>headers</Filter>
    </ClInclude>
    <ClInclude Include="..\..\include\mh\types.hpp">
      <Filter>headers</Filter>
    </ClInclude>
    <ClInclude Include="..\..\include\mh\type_traits.hpp">
      <Filter>headers</Filter>
    </ClInclude>
    <ClInclude Include="..\..\include\mh\util.hpp">
      <Filter>headers</Filter>
    </ClInclude>
    <ClInclude Include="..\..\include\mh\utility.hpp">
      <Filter>headers</Filter>
    </ClInclude>
    <ClInclude Include="..\..\include\mh\vector.hpp">
      <Filter>headers</Filter>
    </ClInclude>
    <ClInclude Include="..\..\include\mh\view.hpp">
      <Filter>headers</Filter>
    </ClInclude>
    <ClInclude Include="..\..\include\mh\win32\timer.hpp">
      <Filter>headers</Filter>
    </ClInclude>
    <ClInclude Include="..\..\include\mh\win32\winapp.hpp">
      <Filter>headers</Filter>
    </ClInclude>
  </ItemGroup>
  <ItemGroup>
    <None Include="..\..\include\mh\atomic_win32.inl">
      <Filter>headers</Filter>
    </None>
    <None Include="..\..\include\mh\math\color.inl">
      <Filter>headers</Filter>
    </None>
    <None Include="..\..\include\mh\math\function.inl">
      <Filter>headers</Filter>
    </None>
    <None Include="..\..\include\mh\math\line.inl">
      <Filter>headers</Filter>
    </None>
    <None Include="..\..\include\mh\math\matrix.inl">
      <Filter>headers</Filter>
    </None>
    <None Include="..\..\include\mh\math\plane.inl">
      <Filter>headers</Filter>
    </None>
    <None Include="..\..\include\mh\math\point.inl">
      <Filter>headers</Filter>
    </None>
    <None Include="..\..\include\mh\math\quaternion.inl">
      <Filter>headers</Filter>
    </None>
    <None Include="..\..\include\mh\math\rect.inl">
      <Filter>headers</Filter>
    </None>
    <None Include="..\..\include\mh\math\sphere.inl">
      <Filter>headers</Filter>
    </None>
    <None Include="..\..\include\mh\math\vector.inl">
      <Filter>headers</Filter>
    </None>
    <None Include="..\..\include\mh\math.inl">
      <Filter>headers</Filter>
    </None>
    <None Include="..\..\include\mh\renderer\dxgi.inl">
      <Filter>headers</Filter>
    </None>
    <None Include="..\..\include\mh\scene\manager.inl">
      <Filter>headers</Filter>
    </None>
    <None Include="..\..\include\mh\stl\allocator.inl">
      <Filter>headers</Filter>
    </None>
    <None Include="..\..\include\mh\stl\array.inl">
      <Filter>headers</Filter>
    </None>
    <None Include="..\..\include\mh\stl\iterator.inl">
      <Filter>headers</Filter>
    </None>
    <None Include="..\..\include\mh\stl\list.inl">
      <Filter>headers</Filter>
    </None>
    <None Include="..\..\include\mh\stl\memory.inl">
      <Filter>headers</Filter>
    </None>
    <None Include="..\..\include\mh\stl\string.inl">
      <Filter>headers</Filter>
    </None>
    <None Include="..\..\include\mh\stl\vector.inl">
      <Filter>headers</Filter>
    </None>
    <None Include="..\..\include\mh\win32\atomic_win32.inl">
      <Filter>headers</Filter>
    </None>
  </ItemGroup>
  <ItemGroup>
    <ClCompile Include="..\..\src\app.cpp">
      <Filter>sources</Filter>
    </ClCompile>
    <ClCompile Include="..\..\src\audio_base.cpp">
      <Filter>sources</Filter>
    </ClCompile>
    <ClCompile Include="..\..\src\hid\hid_device.cpp">
      <Filter>sources</Filter>
    </ClCompile>
    <ClCompile Include="..\..\src\hid\hid_gamepad.cpp">
      <Filter>sources</Filter>
    </ClCompile>
    <ClCompile Include="..\..\src\hid\hid_manager.cpp">
      <Filter>sources</Filter>
    </ClCompile>
    <ClCompile Include="..\..\src\hid\hid_mouse.cpp">
      <Filter>sources</Filter>
    </ClCompile>
    <ClCompile Include="..\..\src\hid\hid_xinput.cpp">
      <Filter>sources</Filter>
    </ClCompile>
    <ClCompile Include="..\..\src\math.cpp">
      <Filter>sources</Filter>
    </ClCompile>
    <ClCompile Include="..\..\src\pattern\pattern_observer.cpp">
      <Filter>sources</Filter>
    </ClCompile>
    <ClCompile Include="..\..\src\plugin.cpp">
      <Filter>sources</Filter>
    </ClCompile>
    <ClCompile Include="..\..\src\renderer\renderer.cpp">
      <Filter>sources</Filter>
    </ClCompile>
    <ClCompile Include="..\..\src\resource_base.cpp">
      <Filter>sources</Filter>
    </ClCompile>
    <ClCompile Include="..\..\src\resource_texture.cpp">
      <Filter>sources</Filter>
    </ClCompile>
    <ClCompile Include="..\..\src\scene\scene_manager.cpp">
      <Filter>sources</Filter>
    </ClCompile>
    <ClCompile Include="..\..\src\scene\scene_spatial.cpp">
      <Filter>sources</Filter>
    </ClCompile>
    <ClCompile Include="..\..\src\win32\dll_main.cpp">
      <Filter>sources</Filter>
    </ClCompile>
    <ClCompile Include="..\..\src\win32\encoding_win32.cpp">
      <Filter>sources</Filter>
    </ClCompile>
    <ClCompile Include="..\..\src\win32\network_server_win32.cpp">
      <Filter>sources</Filter>
    </ClCompile>
    <ClCompile Include="..\..\src\win32\network_socket_win32.cpp">
      <Filter>sources</Filter>
    </ClCompile>
    <ClCompile Include="..\..\src\win32\timer_win32.cpp">
      <Filter>sources</Filter>
    </ClCompile>
    <ClCompile Include="..\..\src\win32\winapp.cpp">
      <Filter>sources</Filter>
    </ClCompile>
  </ItemGroup>
</Project>